// !$*UTF8*$!
{
	archiveVersion = 1;
	classes = {
	};
	objectVersion = 46;
	objects = {

/* Begin PBXAggregateTarget section */
		A7378D8817C2519C008921C4 /* Documentation */ = {
			isa = PBXAggregateTarget;
			buildConfigurationList = A7378D8917C2519C008921C4 /* Build configuration list for PBXAggregateTarget "Documentation" */;
			buildPhases = (
				A7BD219317C2524600784903 /* ShellScript */,
			);
			dependencies = (
			);
			name = Documentation;
			productName = Documentation;
		};
/* End PBXAggregateTarget section */

/* Begin PBXBuildFile section */
		A7337C6617C1250F00BC2D2D /* BCKCode39Code.m in Sources */ = {isa = PBXBuildFile; fileRef = A7337C6517C1250F00BC2D2D /* BCKCode39Code.m */; };
		A7337C6917C1276700BC2D2D /* BCKCode39CodeCharacter.m in Sources */ = {isa = PBXBuildFile; fileRef = A7337C6817C1276700BC2D2D /* BCKCode39CodeCharacter.m */; };
		A7337C6C17C12C8800BC2D2D /* BCKCodeCharacter.m in Sources */ = {isa = PBXBuildFile; fileRef = A7337C6B17C12C8800BC2D2D /* BCKCodeCharacter.m */; };
		A7343F4917BF599100EF9B83 /* UIImage+BarCodeKit.m in Sources */ = {isa = PBXBuildFile; fileRef = A7343F4817BF599100EF9B83 /* UIImage+BarCodeKit.m */; };
		A7378D8217C222AD008921C4 /* BCKCode39ContentCodeCharacter.m in Sources */ = {isa = PBXBuildFile; fileRef = A7378D8117C222AD008921C4 /* BCKCode39ContentCodeCharacter.m */; };
		A7378D9517C2584E008921C4 /* SenTestingKit.framework in Frameworks */ = {isa = PBXBuildFile; fileRef = A7378D9417C2584E008921C4 /* SenTestingKit.framework */; };
		A7378D9617C2584E008921C4 /* Foundation.framework in Frameworks */ = {isa = PBXBuildFile; fileRef = A764059A17B50F9100D45F51 /* Foundation.framework */; };
		A7378D9717C2584E008921C4 /* UIKit.framework in Frameworks */ = {isa = PBXBuildFile; fileRef = A764059E17B50F9100D45F51 /* UIKit.framework */; };
		A7378E0517C25A2D008921C4 /* BCKCode39CodeTest.m in Sources */ = {isa = PBXBuildFile; fileRef = A7378E0417C25A2D008921C4 /* BCKCode39CodeTest.m */; };
		A7378E0617C25C3F008921C4 /* libBarCodeKit.a in Frameworks */ = {isa = PBXBuildFile; fileRef = A76405EB17B52E9700D45F51 /* libBarCodeKit.a */; };
		A7378E0A17C25DF3008921C4 /* BCKEAN13CodeTest.m in Sources */ = {isa = PBXBuildFile; fileRef = A7378E0917C25DF3008921C4 /* BCKEAN13CodeTest.m */; };
		A7378E0C17C261D8008921C4 /* BCKEAN8CodeTest.m in Sources */ = {isa = PBXBuildFile; fileRef = A7378E0B17C261D8008921C4 /* BCKEAN8CodeTest.m */; };
		A7378E0E17C263C7008921C4 /* BCKUPCECodeTest.m in Sources */ = {isa = PBXBuildFile; fileRef = A7378E0D17C263C7008921C4 /* BCKUPCECodeTest.m */; };
		A764059B17B50F9100D45F51 /* Foundation.framework in Frameworks */ = {isa = PBXBuildFile; fileRef = A764059A17B50F9100D45F51 /* Foundation.framework */; };
		A764059D17B50F9100D45F51 /* CoreGraphics.framework in Frameworks */ = {isa = PBXBuildFile; fileRef = A764059C17B50F9100D45F51 /* CoreGraphics.framework */; };
		A764059F17B50F9100D45F51 /* UIKit.framework in Frameworks */ = {isa = PBXBuildFile; fileRef = A764059E17B50F9100D45F51 /* UIKit.framework */; };
		A76405EC17B52E9700D45F51 /* Foundation.framework in Frameworks */ = {isa = PBXBuildFile; fileRef = A764059A17B50F9100D45F51 /* Foundation.framework */; };
		A764060D17B52EC600D45F51 /* BCKCode.m in Sources */ = {isa = PBXBuildFile; fileRef = A76405E217B52E7700D45F51 /* BCKCode.m */; };
		A764060E17B52EC600D45F51 /* BCKEAN13Code.m in Sources */ = {isa = PBXBuildFile; fileRef = A76405E417B52E7700D45F51 /* BCKEAN13Code.m */; };
		A764061917B5362D00D45F51 /* BCKEAN8Code.m in Sources */ = {isa = PBXBuildFile; fileRef = A764061717B533CD00D45F51 /* BCKEAN8Code.m */; };
		A764061C17B53AE700D45F51 /* BCKEANCodeCharacter.m in Sources */ = {isa = PBXBuildFile; fileRef = A764061B17B53AE700D45F51 /* BCKEANCodeCharacter.m */; };
		A764062517B53B7B00D45F51 /* BCKEANDigitCodeCharacter.m in Sources */ = {isa = PBXBuildFile; fileRef = A764062417B53B7B00D45F51 /* BCKEANDigitCodeCharacter.m */; };
		A7781E1817B6B301005B9604 /* BCKUPCECode.m in Sources */ = {isa = PBXBuildFile; fileRef = A7781E1717B6B301005B9604 /* BCKUPCECode.m */; };
		A7A6B54617B62CA4007FF7DB /* ViewController.m in Sources */ = {isa = PBXBuildFile; fileRef = A7A6B54117B62CA4007FF7DB /* ViewController.m */; };
		A7A6B54717B62CA4007FF7DB /* AppDelegate.m in Sources */ = {isa = PBXBuildFile; fileRef = A7A6B54217B62CA4007FF7DB /* AppDelegate.m */; };
		A7A6B54817B62CA4007FF7DB /* main.m in Sources */ = {isa = PBXBuildFile; fileRef = A7A6B54517B62CA4007FF7DB /* main.m */; };
		A7A6B54D17B62CB2007FF7DB /* Main.storyboard in Resources */ = {isa = PBXBuildFile; fileRef = A7A6B54A17B62CB2007FF7DB /* Main.storyboard */; };
		A7A6B54E17B62CB2007FF7DB /* Images.xcassets in Resources */ = {isa = PBXBuildFile; fileRef = A7A6B54C17B62CB2007FF7DB /* Images.xcassets */; };
		A7A6B55417B62D04007FF7DB /* Foundation.framework in Frameworks */ = {isa = PBXBuildFile; fileRef = A764059A17B50F9100D45F51 /* Foundation.framework */; };
		A7A6B55517B62D05007FF7DB /* CoreGraphics.framework in Frameworks */ = {isa = PBXBuildFile; fileRef = A764059C17B50F9100D45F51 /* CoreGraphics.framework */; };
		A7A6B55617B62D05007FF7DB /* UIKit.framework in Frameworks */ = {isa = PBXBuildFile; fileRef = A764059E17B50F9100D45F51 /* UIKit.framework */; };
		A7E1C97317B6067B007DB13A /* libBarCodeKit.a in Frameworks */ = {isa = PBXBuildFile; fileRef = A76405EB17B52E9700D45F51 /* libBarCodeKit.a */; };
		A7FB2BB617B6206300712C1C /* OCRB.ttf in Resources */ = {isa = PBXBuildFile; fileRef = A7FB2BB417B6206300712C1C /* OCRB.ttf */; };
/* End PBXBuildFile section */

/* Begin PBXContainerItemProxy section */
		A7378E0717C25C43008921C4 /* PBXContainerItemProxy */ = {
			isa = PBXContainerItemProxy;
			containerPortal = A764058F17B50F9100D45F51 /* Project object */;
			proxyType = 1;
			remoteGlobalIDString = A76405EA17B52E9700D45F51;
			remoteInfo = "BarCodeKit (iOS)";
		};
		A7E1C97117B60676007DB13A /* PBXContainerItemProxy */ = {
			isa = PBXContainerItemProxy;
			containerPortal = A764058F17B50F9100D45F51 /* Project object */;
			proxyType = 1;
			remoteGlobalIDString = A76405EA17B52E9700D45F51;
			remoteInfo = "BarCodeKit (iOS)";
		};
/* End PBXContainerItemProxy section */

/* Begin PBXCopyFilesBuildPhase section */
		A76405E917B52E9700D45F51 /* CopyFiles */ = {
			isa = PBXCopyFilesBuildPhase;
			buildActionMask = 2147483647;
			dstPath = "include/$(PRODUCT_NAME)";
			dstSubfolderSpec = 16;
			files = (
			);
			runOnlyForDeploymentPostprocessing = 0;
		};
/* End PBXCopyFilesBuildPhase section */

/* Begin PBXFileReference section */
		A7337C6417C1250F00BC2D2D /* BCKCode39Code.h */ = {isa = PBXFileReference; fileEncoding = 4; lastKnownFileType = sourcecode.c.h; path = BCKCode39Code.h; sourceTree = "<group>"; };
		A7337C6517C1250F00BC2D2D /* BCKCode39Code.m */ = {isa = PBXFileReference; fileEncoding = 4; lastKnownFileType = sourcecode.c.objc; path = BCKCode39Code.m; sourceTree = "<group>"; };
		A7337C6717C1276700BC2D2D /* BCKCode39CodeCharacter.h */ = {isa = PBXFileReference; fileEncoding = 4; lastKnownFileType = sourcecode.c.h; path = BCKCode39CodeCharacter.h; sourceTree = "<group>"; };
		A7337C6817C1276700BC2D2D /* BCKCode39CodeCharacter.m */ = {isa = PBXFileReference; fileEncoding = 4; lastKnownFileType = sourcecode.c.objc; path = BCKCode39CodeCharacter.m; sourceTree = "<group>"; };
		A7337C6A17C12C8800BC2D2D /* BCKCodeCharacter.h */ = {isa = PBXFileReference; fileEncoding = 4; lastKnownFileType = sourcecode.c.h; path = BCKCodeCharacter.h; sourceTree = "<group>"; };
		A7337C6B17C12C8800BC2D2D /* BCKCodeCharacter.m */ = {isa = PBXFileReference; fileEncoding = 4; lastKnownFileType = sourcecode.c.objc; path = BCKCodeCharacter.m; sourceTree = "<group>"; };
		A7343F4717BF599100EF9B83 /* UIImage+BarCodeKit.h */ = {isa = PBXFileReference; fileEncoding = 4; lastKnownFileType = sourcecode.c.h; path = "UIImage+BarCodeKit.h"; sourceTree = "<group>"; };
		A7343F4817BF599100EF9B83 /* UIImage+BarCodeKit.m */ = {isa = PBXFileReference; fileEncoding = 4; lastKnownFileType = sourcecode.c.objc; path = "UIImage+BarCodeKit.m"; sourceTree = "<group>"; };
		A7378D8017C222AD008921C4 /* BCKCode39ContentCodeCharacter.h */ = {isa = PBXFileReference; fileEncoding = 4; lastKnownFileType = sourcecode.c.h; path = BCKCode39ContentCodeCharacter.h; sourceTree = "<group>"; };
		A7378D8117C222AD008921C4 /* BCKCode39ContentCodeCharacter.m */ = {isa = PBXFileReference; fileEncoding = 4; lastKnownFileType = sourcecode.c.objc; path = BCKCode39ContentCodeCharacter.m; sourceTree = "<group>"; };
		A7378D8E17C253FE008921C4 /* Setup Guide-template.markdown */ = {isa = PBXFileReference; fileEncoding = 4; lastKnownFileType = text; path = "Setup Guide-template.markdown"; sourceTree = "<group>"; };
		A7378D9317C2584E008921C4 /* Unit Tests.octest */ = {isa = PBXFileReference; explicitFileType = wrapper.cfbundle; includeInIndex = 0; path = "Unit Tests.octest"; sourceTree = BUILT_PRODUCTS_DIR; };
		A7378D9417C2584E008921C4 /* SenTestingKit.framework */ = {isa = PBXFileReference; lastKnownFileType = wrapper.framework; name = SenTestingKit.framework; path = Library/Frameworks/SenTestingKit.framework; sourceTree = DEVELOPER_DIR; };
		A7378DFD17C258B1008921C4 /* UnitTests-Prefix.pch */ = {isa = PBXFileReference; lastKnownFileType = sourcecode.c.h; path = "UnitTests-Prefix.pch"; sourceTree = "<group>"; };
		A7378DFE17C258C5008921C4 /* UnitTests-Info.plist */ = {isa = PBXFileReference; fileEncoding = 4; lastKnownFileType = text.plist.xml; path = "UnitTests-Info.plist"; sourceTree = "<group>"; };
		A7378E0417C25A2D008921C4 /* BCKCode39CodeTest.m */ = {isa = PBXFileReference; fileEncoding = 4; lastKnownFileType = sourcecode.c.objc; path = BCKCode39CodeTest.m; sourceTree = "<group>"; };
		A7378E0917C25DF3008921C4 /* BCKEAN13CodeTest.m */ = {isa = PBXFileReference; fileEncoding = 4; lastKnownFileType = sourcecode.c.objc; path = BCKEAN13CodeTest.m; sourceTree = "<group>"; };
		A7378E0B17C261D8008921C4 /* BCKEAN8CodeTest.m */ = {isa = PBXFileReference; fileEncoding = 4; lastKnownFileType = sourcecode.c.objc; path = BCKEAN8CodeTest.m; sourceTree = "<group>"; };
		A7378E0D17C263C7008921C4 /* BCKUPCECodeTest.m */ = {isa = PBXFileReference; fileEncoding = 4; lastKnownFileType = sourcecode.c.objc; path = BCKUPCECodeTest.m; sourceTree = "<group>"; };
		A764059717B50F9100D45F51 /* Demo.app */ = {isa = PBXFileReference; explicitFileType = wrapper.application; includeInIndex = 0; path = Demo.app; sourceTree = BUILT_PRODUCTS_DIR; };
		A764059A17B50F9100D45F51 /* Foundation.framework */ = {isa = PBXFileReference; lastKnownFileType = wrapper.framework; name = Foundation.framework; path = System/Library/Frameworks/Foundation.framework; sourceTree = SDKROOT; };
		A764059C17B50F9100D45F51 /* CoreGraphics.framework */ = {isa = PBXFileReference; lastKnownFileType = wrapper.framework; name = CoreGraphics.framework; path = System/Library/Frameworks/CoreGraphics.framework; sourceTree = SDKROOT; };
		A764059E17B50F9100D45F51 /* UIKit.framework */ = {isa = PBXFileReference; lastKnownFileType = wrapper.framework; name = UIKit.framework; path = System/Library/Frameworks/UIKit.framework; sourceTree = SDKROOT; };
		A76405B917B50F9100D45F51 /* XCTest.framework */ = {isa = PBXFileReference; lastKnownFileType = wrapper.framework; name = XCTest.framework; path = Library/Frameworks/XCTest.framework; sourceTree = DEVELOPER_DIR; };
		A76405E117B52E7700D45F51 /* BCKCode.h */ = {isa = PBXFileReference; fileEncoding = 4; lastKnownFileType = sourcecode.c.h; path = BCKCode.h; sourceTree = "<group>"; };
		A76405E217B52E7700D45F51 /* BCKCode.m */ = {isa = PBXFileReference; fileEncoding = 4; lastKnownFileType = sourcecode.c.objc; path = BCKCode.m; sourceTree = "<group>"; };
		A76405E317B52E7700D45F51 /* BCKEAN13Code.h */ = {isa = PBXFileReference; fileEncoding = 4; lastKnownFileType = sourcecode.c.h; path = BCKEAN13Code.h; sourceTree = "<group>"; };
		A76405E417B52E7700D45F51 /* BCKEAN13Code.m */ = {isa = PBXFileReference; fileEncoding = 4; lastKnownFileType = sourcecode.c.objc; path = BCKEAN13Code.m; sourceTree = "<group>"; };
		A76405EB17B52E9700D45F51 /* libBarCodeKit.a */ = {isa = PBXFileReference; explicitFileType = archive.ar; includeInIndex = 0; path = libBarCodeKit.a; sourceTree = BUILT_PRODUCTS_DIR; };
		A764061517B52F8800D45F51 /* BarCodeKit-Prefix.pch */ = {isa = PBXFileReference; lastKnownFileType = sourcecode.c.h; path = "BarCodeKit-Prefix.pch"; sourceTree = "<group>"; };
		A764061617B533CD00D45F51 /* BCKEAN8Code.h */ = {isa = PBXFileReference; fileEncoding = 4; lastKnownFileType = sourcecode.c.h; path = BCKEAN8Code.h; sourceTree = "<group>"; };
		A764061717B533CD00D45F51 /* BCKEAN8Code.m */ = {isa = PBXFileReference; fileEncoding = 4; lastKnownFileType = sourcecode.c.objc; path = BCKEAN8Code.m; sourceTree = "<group>"; };
		A764061A17B53AE700D45F51 /* BCKEANCodeCharacter.h */ = {isa = PBXFileReference; fileEncoding = 4; lastKnownFileType = sourcecode.c.h; path = BCKEANCodeCharacter.h; sourceTree = "<group>"; };
		A764061B17B53AE700D45F51 /* BCKEANCodeCharacter.m */ = {isa = PBXFileReference; fileEncoding = 4; lastKnownFileType = sourcecode.c.objc; path = BCKEANCodeCharacter.m; sourceTree = "<group>"; };
		A764062317B53B7B00D45F51 /* BCKEANDigitCodeCharacter.h */ = {isa = PBXFileReference; fileEncoding = 4; lastKnownFileType = sourcecode.c.h; path = BCKEANDigitCodeCharacter.h; sourceTree = "<group>"; };
		A764062417B53B7B00D45F51 /* BCKEANDigitCodeCharacter.m */ = {isa = PBXFileReference; fileEncoding = 4; lastKnownFileType = sourcecode.c.objc; path = BCKEANDigitCodeCharacter.m; sourceTree = "<group>"; };
		A7781E1617B6B301005B9604 /* BCKUPCECode.h */ = {isa = PBXFileReference; fileEncoding = 4; lastKnownFileType = sourcecode.c.h; path = BCKUPCECode.h; sourceTree = "<group>"; };
		A7781E1717B6B301005B9604 /* BCKUPCECode.m */ = {isa = PBXFileReference; fileEncoding = 4; lastKnownFileType = sourcecode.c.objc; path = BCKUPCECode.m; sourceTree = "<group>"; };
		A7A6B54117B62CA4007FF7DB /* ViewController.m */ = {isa = PBXFileReference; fileEncoding = 4; lastKnownFileType = sourcecode.c.objc; path = ViewController.m; sourceTree = "<group>"; };
		A7A6B54217B62CA4007FF7DB /* AppDelegate.m */ = {isa = PBXFileReference; fileEncoding = 4; lastKnownFileType = sourcecode.c.objc; path = AppDelegate.m; sourceTree = "<group>"; };
		A7A6B54317B62CA4007FF7DB /* ViewController.h */ = {isa = PBXFileReference; fileEncoding = 4; lastKnownFileType = sourcecode.c.h; path = ViewController.h; sourceTree = "<group>"; };
		A7A6B54417B62CA4007FF7DB /* AppDelegate.h */ = {isa = PBXFileReference; fileEncoding = 4; lastKnownFileType = sourcecode.c.h; path = AppDelegate.h; sourceTree = "<group>"; };
		A7A6B54517B62CA4007FF7DB /* main.m */ = {isa = PBXFileReference; fileEncoding = 4; lastKnownFileType = sourcecode.c.objc; path = main.m; sourceTree = "<group>"; };
		A7A6B54B17B62CB2007FF7DB /* Base */ = {isa = PBXFileReference; lastKnownFileType = file.storyboard; name = Base; path = Main.storyboard; sourceTree = "<group>"; };
		A7A6B54C17B62CB2007FF7DB /* Images.xcassets */ = {isa = PBXFileReference; lastKnownFileType = folder.assetcatalog; path = Images.xcassets; sourceTree = "<group>"; };
		A7A6B55317B62D04007FF7DB /* DemoApp.app */ = {isa = PBXFileReference; explicitFileType = wrapper.application; includeInIndex = 0; path = DemoApp.app; sourceTree = BUILT_PRODUCTS_DIR; };
		A7A6B58317B62D27007FF7DB /* DemoApp-Info.plist */ = {isa = PBXFileReference; lastKnownFileType = text.plist.xml; path = "DemoApp-Info.plist"; sourceTree = "<group>"; };
		A7A6B58417B62D28007FF7DB /* DemoApp-Prefix.pch */ = {isa = PBXFileReference; lastKnownFileType = sourcecode.c.h; path = "DemoApp-Prefix.pch"; sourceTree = "<group>"; };
		A7E1C97417B606AA007DB13A /* BarCodeKit.h */ = {isa = PBXFileReference; lastKnownFileType = sourcecode.c.h; path = BarCodeKit.h; sourceTree = "<group>"; };
		A7FB2BB417B6206300712C1C /* OCRB.ttf */ = {isa = PBXFileReference; lastKnownFileType = file; path = OCRB.ttf; sourceTree = "<group>"; };
/* End PBXFileReference section */

/* Begin PBXFrameworksBuildPhase section */
		A7378D9017C2584E008921C4 /* Frameworks */ = {
			isa = PBXFrameworksBuildPhase;
			buildActionMask = 2147483647;
			files = (
				A7378E0617C25C3F008921C4 /* libBarCodeKit.a in Frameworks */,
				A7378D9517C2584E008921C4 /* SenTestingKit.framework in Frameworks */,
				A7378D9717C2584E008921C4 /* UIKit.framework in Frameworks */,
				A7378D9617C2584E008921C4 /* Foundation.framework in Frameworks */,
			);
			runOnlyForDeploymentPostprocessing = 0;
		};
		A764059417B50F9100D45F51 /* Frameworks */ = {
			isa = PBXFrameworksBuildPhase;
			buildActionMask = 2147483647;
			files = (
				A7E1C97317B6067B007DB13A /* libBarCodeKit.a in Frameworks */,
				A764059D17B50F9100D45F51 /* CoreGraphics.framework in Frameworks */,
				A764059F17B50F9100D45F51 /* UIKit.framework in Frameworks */,
				A764059B17B50F9100D45F51 /* Foundation.framework in Frameworks */,
			);
			runOnlyForDeploymentPostprocessing = 0;
		};
		A76405E817B52E9700D45F51 /* Frameworks */ = {
			isa = PBXFrameworksBuildPhase;
			buildActionMask = 2147483647;
			files = (
				A76405EC17B52E9700D45F51 /* Foundation.framework in Frameworks */,
			);
			runOnlyForDeploymentPostprocessing = 0;
		};
		A7A6B55017B62D04007FF7DB /* Frameworks */ = {
			isa = PBXFrameworksBuildPhase;
			buildActionMask = 2147483647;
			files = (
				A7A6B55517B62D05007FF7DB /* CoreGraphics.framework in Frameworks */,
				A7A6B55617B62D05007FF7DB /* UIKit.framework in Frameworks */,
				A7A6B55417B62D04007FF7DB /* Foundation.framework in Frameworks */,
			);
			runOnlyForDeploymentPostprocessing = 0;
		};
/* End PBXFrameworksBuildPhase section */

/* Begin PBXGroup section */
		A7378D8317C222E6008921C4 /* EAN/UPC */ = {
			isa = PBXGroup;
			children = (
				A764061A17B53AE700D45F51 /* BCKEANCodeCharacter.h */,
				A764061B17B53AE700D45F51 /* BCKEANCodeCharacter.m */,
				A764062317B53B7B00D45F51 /* BCKEANDigitCodeCharacter.h */,
				A764062417B53B7B00D45F51 /* BCKEANDigitCodeCharacter.m */,
			);
			name = EAN/UPC;
			sourceTree = "<group>";
		};
		A7378D8417C222F1008921C4 /* Code39 */ = {
			isa = PBXGroup;
			children = (
				A7337C6717C1276700BC2D2D /* BCKCode39CodeCharacter.h */,
				A7337C6817C1276700BC2D2D /* BCKCode39CodeCharacter.m */,
				A7378D8017C222AD008921C4 /* BCKCode39ContentCodeCharacter.h */,
				A7378D8117C222AD008921C4 /* BCKCode39ContentCodeCharacter.m */,
			);
			name = Code39;
			sourceTree = "<group>";
		};
		A7378D8517C23AC3008921C4 /* Code39 */ = {
			isa = PBXGroup;
			children = (
				A7337C6417C1250F00BC2D2D /* BCKCode39Code.h */,
				A7337C6517C1250F00BC2D2D /* BCKCode39Code.m */,
			);
			name = Code39;
			sourceTree = "<group>";
		};
		A7378D8617C23ACE008921C4 /* EAN/UPC */ = {
			isa = PBXGroup;
			children = (
				A76405E317B52E7700D45F51 /* BCKEAN13Code.h */,
				A76405E417B52E7700D45F51 /* BCKEAN13Code.m */,
				A764061617B533CD00D45F51 /* BCKEAN8Code.h */,
				A764061717B533CD00D45F51 /* BCKEAN8Code.m */,
				A7781E1617B6B301005B9604 /* BCKUPCECode.h */,
				A7781E1717B6B301005B9604 /* BCKUPCECode.m */,
			);
			name = EAN/UPC;
			sourceTree = "<group>";
		};
		A7378D8D17C253FE008921C4 /* Documentation */ = {
			isa = PBXGroup;
			children = (
				A7378D8E17C253FE008921C4 /* Setup Guide-template.markdown */,
			);
			path = Documentation;
			sourceTree = "<group>";
		};
		A7378DFB17C25892008921C4 /* Test */ = {
			isa = PBXGroup;
			children = (
				A7378DFE17C258C5008921C4 /* UnitTests-Info.plist */,
				A7378DFD17C258B1008921C4 /* UnitTests-Prefix.pch */,
				A7378DFC17C25892008921C4 /* Source */,
			);
			path = Test;
			sourceTree = "<group>";
		};
		A7378DFC17C25892008921C4 /* Source */ = {
			isa = PBXGroup;
			children = (
				A7378E0417C25A2D008921C4 /* BCKCode39CodeTest.m */,
				A7378E0917C25DF3008921C4 /* BCKEAN13CodeTest.m */,
				A7378E0B17C261D8008921C4 /* BCKEAN8CodeTest.m */,
				A7378E0D17C263C7008921C4 /* BCKUPCECodeTest.m */,
			);
			path = Source;
			sourceTree = "<group>";
		};
		A75BABD017BF7AB000A5A5A5 /* Codes */ = {
			isa = PBXGroup;
			children = (
				A76405E117B52E7700D45F51 /* BCKCode.h */,
				A76405E217B52E7700D45F51 /* BCKCode.m */,
				A7378D8517C23AC3008921C4 /* Code39 */,
				A7378D8617C23ACE008921C4 /* EAN/UPC */,
			);
			name = Codes;
			sourceTree = "<group>";
		};
		A75BABD117BF7AB900A5A5A5 /* Code Characters */ = {
			isa = PBXGroup;
			children = (
				A7337C6A17C12C8800BC2D2D /* BCKCodeCharacter.h */,
				A7337C6B17C12C8800BC2D2D /* BCKCodeCharacter.m */,
				A7378D8417C222F1008921C4 /* Code39 */,
				A7378D8317C222E6008921C4 /* EAN/UPC */,
			);
			name = "Code Characters";
			sourceTree = "<group>";
		};
		A764058E17B50F9100D45F51 = {
			isa = PBXGroup;
			children = (
				A7378D8D17C253FE008921C4 /* Documentation */,
				A7FB2BB217B6206300712C1C /* Demo */,
				A76405DF17B52E5200D45F51 /* Core */,
				A7378DFB17C25892008921C4 /* Test */,
				A764059917B50F9100D45F51 /* Frameworks */,
				A764059817B50F9100D45F51 /* Products */,
			);
			sourceTree = "<group>";
		};
		A764059817B50F9100D45F51 /* Products */ = {
			isa = PBXGroup;
			children = (
				A764059717B50F9100D45F51 /* Demo.app */,
				A76405EB17B52E9700D45F51 /* libBarCodeKit.a */,
				A7A6B55317B62D04007FF7DB /* DemoApp.app */,
				A7378D9317C2584E008921C4 /* Unit Tests.octest */,
			);
			name = Products;
			sourceTree = "<group>";
		};
		A764059917B50F9100D45F51 /* Frameworks */ = {
			isa = PBXGroup;
			children = (
				A764059A17B50F9100D45F51 /* Foundation.framework */,
				A764059C17B50F9100D45F51 /* CoreGraphics.framework */,
				A764059E17B50F9100D45F51 /* UIKit.framework */,
				A76405B917B50F9100D45F51 /* XCTest.framework */,
				A7378D9417C2584E008921C4 /* SenTestingKit.framework */,
			);
			name = Frameworks;
			sourceTree = "<group>";
		};
		A76405DF17B52E5200D45F51 /* Core */ = {
			isa = PBXGroup;
			children = (
				A764061517B52F8800D45F51 /* BarCodeKit-Prefix.pch */,
				A76405E017B52E5200D45F51 /* Source */,
			);
			path = Core;
			sourceTree = "<group>";
		};
		A76405E017B52E5200D45F51 /* Source */ = {
			isa = PBXGroup;
			children = (
				A7E1C97417B606AA007DB13A /* BarCodeKit.h */,
				A75BABD117BF7AB900A5A5A5 /* Code Characters */,
				A75BABD017BF7AB000A5A5A5 /* Codes */,
				A7343F4717BF599100EF9B83 /* UIImage+BarCodeKit.h */,
				A7343F4817BF599100EF9B83 /* UIImage+BarCodeKit.m */,
			);
			path = Source;
			sourceTree = "<group>";
		};
		A7FB2BB217B6206300712C1C /* Demo */ = {
			isa = PBXGroup;
			children = (
				A7A6B58317B62D27007FF7DB /* DemoApp-Info.plist */,
				A7A6B58417B62D28007FF7DB /* DemoApp-Prefix.pch */,
				A7FB2BB317B6206300712C1C /* Resources */,
				A7FB2BB517B6206300712C1C /* Source */,
			);
			path = Demo;
			sourceTree = "<group>";
		};
		A7FB2BB317B6206300712C1C /* Resources */ = {
			isa = PBXGroup;
			children = (
				A7A6B54A17B62CB2007FF7DB /* Main.storyboard */,
				A7A6B54C17B62CB2007FF7DB /* Images.xcassets */,
				A7FB2BB417B6206300712C1C /* OCRB.ttf */,
			);
			path = Resources;
			sourceTree = "<group>";
		};
		A7FB2BB517B6206300712C1C /* Source */ = {
			isa = PBXGroup;
			children = (
				A7A6B54417B62CA4007FF7DB /* AppDelegate.h */,
				A7A6B54217B62CA4007FF7DB /* AppDelegate.m */,
				A7A6B54317B62CA4007FF7DB /* ViewController.h */,
				A7A6B54117B62CA4007FF7DB /* ViewController.m */,
				A7A6B54517B62CA4007FF7DB /* main.m */,
			);
			path = Source;
			sourceTree = "<group>";
		};
/* End PBXGroup section */

/* Begin PBXNativeTarget section */
		A7378D9217C2584E008921C4 /* Unit Tests */ = {
			isa = PBXNativeTarget;
			buildConfigurationList = A7378DA117C2584E008921C4 /* Build configuration list for PBXNativeTarget "Unit Tests" */;
			buildPhases = (
				A7378D8F17C2584E008921C4 /* Sources */,
				A7378D9017C2584E008921C4 /* Frameworks */,
				A7378D9117C2584E008921C4 /* Resources */,
			);
			buildRules = (
			);
			dependencies = (
				A7378E0817C25C43008921C4 /* PBXTargetDependency */,
			);
			name = "Unit Tests";
			productName = "BarCodeKit Tests";
			productReference = A7378D9317C2584E008921C4 /* Unit Tests.octest */;
			productType = "com.apple.product-type.bundle";
		};
		A764059617B50F9100D45F51 /* Demo */ = {
			isa = PBXNativeTarget;
			buildConfigurationList = A76405C917B50F9100D45F51 /* Build configuration list for PBXNativeTarget "Demo" */;
			buildPhases = (
				A764059317B50F9100D45F51 /* Sources */,
				A764059417B50F9100D45F51 /* Frameworks */,
				A764059517B50F9100D45F51 /* Resources */,
			);
			buildRules = (
			);
			dependencies = (
				A7E1C97217B60676007DB13A /* PBXTargetDependency */,
			);
			name = Demo;
			productName = BarCodeKit;
			productReference = A764059717B50F9100D45F51 /* Demo.app */;
			productType = "com.apple.product-type.application";
		};
		A76405EA17B52E9700D45F51 /* BarCodeKit (iOS) */ = {
			isa = PBXNativeTarget;
			buildConfigurationList = A764060717B52E9800D45F51 /* Build configuration list for PBXNativeTarget "BarCodeKit (iOS)" */;
			buildPhases = (
				A76405E717B52E9700D45F51 /* Sources */,
				A76405E817B52E9700D45F51 /* Frameworks */,
				A76405E917B52E9700D45F51 /* CopyFiles */,
			);
			buildRules = (
			);
			dependencies = (
			);
			name = "BarCodeKit (iOS)";
			productName = "BarCodeKit (iOS)";
			productReference = A76405EB17B52E9700D45F51 /* libBarCodeKit.a */;
			productType = "com.apple.product-type.library.static";
		};
		A7A6B55217B62D04007FF7DB /* DemoApp */ = {
			isa = PBXNativeTarget;
			buildConfigurationList = A7A6B57D17B62D05007FF7DB /* Build configuration list for PBXNativeTarget "DemoApp" */;
			buildPhases = (
				A7A6B54F17B62D04007FF7DB /* Sources */,
				A7A6B55017B62D04007FF7DB /* Frameworks */,
				A7A6B55117B62D04007FF7DB /* Resources */,
			);
			buildRules = (
			);
			dependencies = (
			);
			name = DemoApp;
			productName = DemoApp;
			productReference = A7A6B55317B62D04007FF7DB /* DemoApp.app */;
			productType = "com.apple.product-type.application";
		};
/* End PBXNativeTarget section */

/* Begin PBXProject section */
		A764058F17B50F9100D45F51 /* Project object */ = {
			isa = PBXProject;
			attributes = {
				LastUpgradeCheck = 0500;
				ORGANIZATIONNAME = "Oliver Drobnik";
			};
			buildConfigurationList = A764059217B50F9100D45F51 /* Build configuration list for PBXProject "BarCodeKit" */;
			compatibilityVersion = "Xcode 3.2";
			developmentRegion = English;
			hasScannedForEncodings = 0;
			knownRegions = (
				en,
				Base,
			);
			mainGroup = A764058E17B50F9100D45F51;
			productRefGroup = A764059817B50F9100D45F51 /* Products */;
			projectDirPath = "";
			projectRoot = "";
			targets = (
				A764059617B50F9100D45F51 /* Demo */,
				A76405EA17B52E9700D45F51 /* BarCodeKit (iOS) */,
				A7A6B55217B62D04007FF7DB /* DemoApp */,
				A7378D8817C2519C008921C4 /* Documentation */,
				A7378D9217C2584E008921C4 /* Unit Tests */,
			);
		};
/* End PBXProject section */

/* Begin PBXResourcesBuildPhase section */
		A7378D9117C2584E008921C4 /* Resources */ = {
			isa = PBXResourcesBuildPhase;
			buildActionMask = 2147483647;
			files = (
			);
			runOnlyForDeploymentPostprocessing = 0;
		};
		A764059517B50F9100D45F51 /* Resources */ = {
			isa = PBXResourcesBuildPhase;
			buildActionMask = 2147483647;
			files = (
				A7A6B54D17B62CB2007FF7DB /* Main.storyboard in Resources */,
				A7A6B54E17B62CB2007FF7DB /* Images.xcassets in Resources */,
				A7FB2BB617B6206300712C1C /* OCRB.ttf in Resources */,
			);
			runOnlyForDeploymentPostprocessing = 0;
		};
		A7A6B55117B62D04007FF7DB /* Resources */ = {
			isa = PBXResourcesBuildPhase;
			buildActionMask = 2147483647;
			files = (
			);
			runOnlyForDeploymentPostprocessing = 0;
		};
/* End PBXResourcesBuildPhase section */

/* Begin PBXShellScriptBuildPhase section */
		A7BD219317C2524600784903 /* ShellScript */ = {
			isa = PBXShellScriptBuildPhase;
			buildActionMask = 2147483647;
			files = (
			);
			inputPaths = (
			);
			outputPaths = (
			);
			runOnlyForDeploymentPostprocessing = 0;
			shellPath = /bin/sh;
			shellScript = "/usr/local/bin/appledoc --print-settings --output \"${BUILD_DIR}/Documentation/\" \"${PROJECT_DIR}\"\necho \"Documentation Output directory: ${BUILD_DIR}/Documentation/\"";
			showEnvVarsInLog = 0;
		};
/* End PBXShellScriptBuildPhase section */

/* Begin PBXSourcesBuildPhase section */
		A7378D8F17C2584E008921C4 /* Sources */ = {
			isa = PBXSourcesBuildPhase;
			buildActionMask = 2147483647;
			files = (
				A7378E0E17C263C7008921C4 /* BCKUPCECodeTest.m in Sources */,
				A7378E0A17C25DF3008921C4 /* BCKEAN13CodeTest.m in Sources */,
				A7378E0C17C261D8008921C4 /* BCKEAN8CodeTest.m in Sources */,
				A7378E0517C25A2D008921C4 /* BCKCode39CodeTest.m in Sources */,
			);
			runOnlyForDeploymentPostprocessing = 0;
		};
		A764059317B50F9100D45F51 /* Sources */ = {
			isa = PBXSourcesBuildPhase;
			buildActionMask = 2147483647;
			files = (
				A7A6B54617B62CA4007FF7DB /* ViewController.m in Sources */,
				A7A6B54817B62CA4007FF7DB /* main.m in Sources */,
				A7A6B54717B62CA4007FF7DB /* AppDelegate.m in Sources */,
			);
			runOnlyForDeploymentPostprocessing = 0;
		};
		A76405E717B52E9700D45F51 /* Sources */ = {
			isa = PBXSourcesBuildPhase;
			buildActionMask = 2147483647;
			files = (
				A7781E1817B6B301005B9604 /* BCKUPCECode.m in Sources */,
				A7337C6C17C12C8800BC2D2D /* BCKCodeCharacter.m in Sources */,
				A764061C17B53AE700D45F51 /* BCKEANCodeCharacter.m in Sources */,
				A764060D17B52EC600D45F51 /* BCKCode.m in Sources */,
				A764060E17B52EC600D45F51 /* BCKEAN13Code.m in Sources */,
				A764061917B5362D00D45F51 /* BCKEAN8Code.m in Sources */,
				A764062517B53B7B00D45F51 /* BCKEANDigitCodeCharacter.m in Sources */,
				A7343F4917BF599100EF9B83 /* UIImage+BarCodeKit.m in Sources */,
				A7337C6917C1276700BC2D2D /* BCKCode39CodeCharacter.m in Sources */,
				A7378D8217C222AD008921C4 /* BCKCode39ContentCodeCharacter.m in Sources */,
				A7337C6617C1250F00BC2D2D /* BCKCode39Code.m in Sources */,
			);
			runOnlyForDeploymentPostprocessing = 0;
		};
		A7A6B54F17B62D04007FF7DB /* Sources */ = {
			isa = PBXSourcesBuildPhase;
			buildActionMask = 2147483647;
			files = (
			);
			runOnlyForDeploymentPostprocessing = 0;
		};
/* End PBXSourcesBuildPhase section */

/* Begin PBXTargetDependency section */
		A7378E0817C25C43008921C4 /* PBXTargetDependency */ = {
			isa = PBXTargetDependency;
			target = A76405EA17B52E9700D45F51 /* BarCodeKit (iOS) */;
			targetProxy = A7378E0717C25C43008921C4 /* PBXContainerItemProxy */;
		};
		A7E1C97217B60676007DB13A /* PBXTargetDependency */ = {
			isa = PBXTargetDependency;
			target = A76405EA17B52E9700D45F51 /* BarCodeKit (iOS) */;
			targetProxy = A7E1C97117B60676007DB13A /* PBXContainerItemProxy */;
		};
/* End PBXTargetDependency section */

/* Begin PBXVariantGroup section */
		A7A6B54A17B62CB2007FF7DB /* Main.storyboard */ = {
			isa = PBXVariantGroup;
			children = (
				A7A6B54B17B62CB2007FF7DB /* Base */,
			);
			name = Main.storyboard;
			path = Base.lproj;
			sourceTree = "<group>";
		};
/* End PBXVariantGroup section */

/* Begin XCBuildConfiguration section */
		A7378D8A17C2519C008921C4 /* Debug */ = {
			isa = XCBuildConfiguration;
			buildSettings = {
				PRODUCT_NAME = "$(TARGET_NAME)";
			};
			name = Debug;
		};
		A7378D8B17C2519C008921C4 /* Release */ = {
			isa = XCBuildConfiguration;
			buildSettings = {
				PRODUCT_NAME = "$(TARGET_NAME)";
			};
			name = Release;
		};
		A7378DA217C2584E008921C4 /* Debug */ = {
			isa = XCBuildConfiguration;
			buildSettings = {
				FRAMEWORK_SEARCH_PATHS = (
					"$(SDKROOT)/Developer/Library/Frameworks",
					"$(inherited)",
					"$(DEVELOPER_FRAMEWORKS_DIR)",
				);
				GCC_PRECOMPILE_PREFIX_HEADER = YES;
				GCC_PREFIX_HEADER = "Test/UnitTests-Prefix.pch";
				GCC_PREPROCESSOR_DEFINITIONS = (
					"DEBUG=1",
					"$(inherited)",
				);
				INFOPLIST_FILE = "Test/UnitTests-Info.plist";
				OTHER_LDFLAGS = "-ObjC";
				PRODUCT_NAME = "$(TARGET_NAME)";
				WRAPPER_EXTENSION = octest;
			};
			name = Debug;
		};
		A7378DA317C2584E008921C4 /* Release */ = {
			isa = XCBuildConfiguration;
			buildSettings = {
				FRAMEWORK_SEARCH_PATHS = (
					"$(SDKROOT)/Developer/Library/Frameworks",
					"$(inherited)",
					"$(DEVELOPER_FRAMEWORKS_DIR)",
				);
				GCC_PRECOMPILE_PREFIX_HEADER = YES;
				GCC_PREFIX_HEADER = "Test/UnitTests-Prefix.pch";
				INFOPLIST_FILE = "Test/UnitTests-Info.plist";
				OTHER_LDFLAGS = "-ObjC";
				PRODUCT_NAME = "$(TARGET_NAME)";
				WRAPPER_EXTENSION = octest;
			};
			name = Release;
		};
		A76405C717B50F9100D45F51 /* Debug */ = {
			isa = XCBuildConfiguration;
			buildSettings = {
				ALWAYS_SEARCH_USER_PATHS = NO;
				CLANG_CXX_LANGUAGE_STANDARD = "gnu++0x";
				CLANG_CXX_LIBRARY = "libc++";
				CLANG_ENABLE_MODULES = YES;
				CLANG_ENABLE_OBJC_ARC = YES;
				CLANG_WARN_BOOL_CONVERSION = YES;
				CLANG_WARN_CONSTANT_CONVERSION = YES;
				CLANG_WARN_DIRECT_OBJC_ISA_USAGE = YES_ERROR;
				CLANG_WARN_EMPTY_BODY = YES;
				CLANG_WARN_ENUM_CONVERSION = YES;
				CLANG_WARN_INT_CONVERSION = YES;
				CLANG_WARN_OBJC_ROOT_CLASS = YES_ERROR;
				CLANG_WARN__DUPLICATE_METHOD_MATCH = YES;
				"CODE_SIGN_IDENTITY[sdk=iphoneos*]" = "iPhone Developer";
				COPY_PHASE_STRIP = NO;
				GCC_C_LANGUAGE_STANDARD = gnu99;
				GCC_DYNAMIC_NO_PIC = NO;
				GCC_OPTIMIZATION_LEVEL = 0;
				GCC_PREPROCESSOR_DEFINITIONS = (
					"DEBUG=1",
					"$(inherited)",
				);
				GCC_SYMBOLS_PRIVATE_EXTERN = NO;
				GCC_WARN_ABOUT_RETURN_TYPE = YES_ERROR;
				GCC_WARN_UNDECLARED_SELECTOR = YES;
				GCC_WARN_UNINITIALIZED_AUTOS = YES;
				GCC_WARN_UNUSED_FUNCTION = YES;
				GCC_WARN_UNUSED_VARIABLE = YES;
				IPHONEOS_DEPLOYMENT_TARGET = 7.0;
				ONLY_ACTIVE_ARCH = YES;
				SDKROOT = iphoneos;
			};
			name = Debug;
		};
		A76405C817B50F9100D45F51 /* Release */ = {
			isa = XCBuildConfiguration;
			buildSettings = {
				ALWAYS_SEARCH_USER_PATHS = NO;
				CLANG_CXX_LANGUAGE_STANDARD = "gnu++0x";
				CLANG_CXX_LIBRARY = "libc++";
				CLANG_ENABLE_MODULES = YES;
				CLANG_ENABLE_OBJC_ARC = YES;
				CLANG_WARN_BOOL_CONVERSION = YES;
				CLANG_WARN_CONSTANT_CONVERSION = YES;
				CLANG_WARN_DIRECT_OBJC_ISA_USAGE = YES_ERROR;
				CLANG_WARN_EMPTY_BODY = YES;
				CLANG_WARN_ENUM_CONVERSION = YES;
				CLANG_WARN_INT_CONVERSION = YES;
				CLANG_WARN_OBJC_ROOT_CLASS = YES_ERROR;
				CLANG_WARN__DUPLICATE_METHOD_MATCH = YES;
				"CODE_SIGN_IDENTITY[sdk=iphoneos*]" = "iPhone Developer";
				COPY_PHASE_STRIP = YES;
				ENABLE_NS_ASSERTIONS = NO;
				GCC_C_LANGUAGE_STANDARD = gnu99;
				GCC_WARN_ABOUT_RETURN_TYPE = YES_ERROR;
				GCC_WARN_UNDECLARED_SELECTOR = YES;
				GCC_WARN_UNINITIALIZED_AUTOS = YES;
				GCC_WARN_UNUSED_FUNCTION = YES;
				GCC_WARN_UNUSED_VARIABLE = YES;
				IPHONEOS_DEPLOYMENT_TARGET = 7.0;
				SDKROOT = iphoneos;
				VALIDATE_PRODUCT = YES;
			};
			name = Release;
		};
		A76405CA17B50F9100D45F51 /* Debug */ = {
			isa = XCBuildConfiguration;
			buildSettings = {
				ASSETCATALOG_COMPILER_APPICON_NAME = AppIcon;
				ASSETCATALOG_COMPILER_LAUNCHIMAGE_NAME = LaunchImage;
				GCC_PRECOMPILE_PREFIX_HEADER = YES;
				GCC_PREFIX_HEADER = "Demo/DemoApp-Prefix.pch";
				INFOPLIST_FILE = "Demo/DemoApp-Info.plist";
				OTHER_LDFLAGS = "-ObjC";
				PRODUCT_NAME = "$(TARGET_NAME)";
				WRAPPER_EXTENSION = app;
			};
			name = Debug;
		};
		A76405CB17B50F9100D45F51 /* Release */ = {
			isa = XCBuildConfiguration;
			buildSettings = {
				ASSETCATALOG_COMPILER_APPICON_NAME = AppIcon;
				ASSETCATALOG_COMPILER_LAUNCHIMAGE_NAME = LaunchImage;
				GCC_PRECOMPILE_PREFIX_HEADER = YES;
				GCC_PREFIX_HEADER = "Demo/DemoApp-Prefix.pch";
				INFOPLIST_FILE = "Demo/DemoApp-Info.plist";
				OTHER_LDFLAGS = "-ObjC";
				PRODUCT_NAME = "$(TARGET_NAME)";
				WRAPPER_EXTENSION = app;
			};
			name = Release;
		};
		A764060817B52E9800D45F51 /* Debug */ = {
			isa = XCBuildConfiguration;
			buildSettings = {
				DSTROOT = /tmp/BarCodeKit__iOS_.dst;
				GCC_PRECOMPILE_PREFIX_HEADER = YES;
				GCC_PREFIX_HEADER = "Core/BarCodeKit-Prefix.pch";
				GCC_PREPROCESSOR_DEFINITIONS = (
					"DEBUG=1",
					"$(inherited)",
				);
				OTHER_LDFLAGS = "-ObjC";
				PRODUCT_NAME = BarCodeKit;
				SKIP_INSTALL = YES;
			};
			name = Debug;
		};
		A764060917B52E9800D45F51 /* Release */ = {
			isa = XCBuildConfiguration;
			buildSettings = {
				DSTROOT = /tmp/BarCodeKit__iOS_.dst;
				GCC_PRECOMPILE_PREFIX_HEADER = YES;
				GCC_PREFIX_HEADER = "Core/BarCodeKit-Prefix.pch";
				OTHER_LDFLAGS = "-ObjC";
				PRODUCT_NAME = BarCodeKit;
				SKIP_INSTALL = YES;
			};
			name = Release;
		};
		A7A6B57E17B62D05007FF7DB /* Debug */ = {
			isa = XCBuildConfiguration;
			buildSettings = {
				ASSETCATALOG_COMPILER_APPICON_NAME = AppIcon;
				ASSETCATALOG_COMPILER_LAUNCHIMAGE_NAME = LaunchImage;
				GCC_PRECOMPILE_PREFIX_HEADER = YES;
				GCC_PREFIX_HEADER = "DemoApp/DemoApp-Prefix.pch";
				GCC_PREPROCESSOR_DEFINITIONS = (
					"DEBUG=1",
					"$(inherited)",
				);
				INFOPLIST_FILE = "DemoApp/DemoApp-Info.plist";
				PRODUCT_NAME = "$(TARGET_NAME)";
				WRAPPER_EXTENSION = app;
			};
			name = Debug;
		};
		A7A6B57F17B62D05007FF7DB /* Release */ = {
			isa = XCBuildConfiguration;
			buildSettings = {
				ASSETCATALOG_COMPILER_APPICON_NAME = AppIcon;
				ASSETCATALOG_COMPILER_LAUNCHIMAGE_NAME = LaunchImage;
				GCC_PRECOMPILE_PREFIX_HEADER = YES;
				GCC_PREFIX_HEADER = "DemoApp/DemoApp-Prefix.pch";
				INFOPLIST_FILE = "DemoApp/DemoApp-Info.plist";
				PRODUCT_NAME = "$(TARGET_NAME)";
				WRAPPER_EXTENSION = app;
			};
			name = Release;
		};
/* End XCBuildConfiguration section */

/* Begin XCConfigurationList section */
		A7378D8917C2519C008921C4 /* Build configuration list for PBXAggregateTarget "Documentation" */ = {
			isa = XCConfigurationList;
			buildConfigurations = (
				A7378D8A17C2519C008921C4 /* Debug */,
				A7378D8B17C2519C008921C4 /* Release */,
			);
			defaultConfigurationIsVisible = 0;
			defaultConfigurationName = Release;
		};
		A7378DA117C2584E008921C4 /* Build configuration list for PBXNativeTarget "Unit Tests" */ = {
			isa = XCConfigurationList;
			buildConfigurations = (
				A7378DA217C2584E008921C4 /* Debug */,
				A7378DA317C2584E008921C4 /* Release */,
			);
			defaultConfigurationIsVisible = 0;
		};
		A764059217B50F9100D45F51 /* Build configuration list for PBXProject "BarCodeKit" */ = {
			isa = XCConfigurationList;
			buildConfigurations = (
				A76405C717B50F9100D45F51 /* Debug */,
				A76405C817B50F9100D45F51 /* Release */,
			);
			defaultConfigurationIsVisible = 0;
			defaultConfigurationName = Release;
		};
		A76405C917B50F9100D45F51 /* Build configuration list for PBXNativeTarget "Demo" */ = {
			isa = XCConfigurationList;
			buildConfigurations = (
				A76405CA17B50F9100D45F51 /* Debug */,
				A76405CB17B50F9100D45F51 /* Release */,
			);
			defaultConfigurationIsVisible = 0;
			defaultConfigurationName = Release;
		};
		A764060717B52E9800D45F51 /* Build configuration list for PBXNativeTarget "BarCodeKit (iOS)" */ = {
			isa = XCConfigurationList;
			buildConfigurations = (
				A764060817B52E9800D45F51 /* Debug */,
				A764060917B52E9800D45F51 /* Release */,
			);
			defaultConfigurationIsVisible = 0;
			defaultConfigurationName = Release;
		};
		A7A6B57D17B62D05007FF7DB /* Build configuration list for PBXNativeTarget "DemoApp" */ = {
			isa = XCConfigurationList;
			buildConfigurations = (
				A7A6B57E17B62D05007FF7DB /* Debug */,
				A7A6B57F17B62D05007FF7DB /* Release */,
			);
			defaultConfigurationIsVisible = 0;
			defaultConfigurationName = Release;
		};
/* End XCConfigurationList section */
	};
	rootObject = A764058F17B50F9100D45F51 /* Project object */;
}
